
Microsoft Visual Studio Solution File, Format Version 12.00
Project("{2150E333-8FDC-42A3-9474-1A3956D46DE8}") = "FrontEnd", "FrontEnd", "{DE577F49-B8D9-42AB-80FE-82160ECFC208}"
EndProject
Project("{2150E333-8FDC-42A3-9474-1A3956D46DE8}") = "Services", "Services", "{BD5E40BB-828E-42C4-AE6E-936B1CFFB6DD}"
EndProject
Project("{FAE04EC0-301F-11D3-BF4B-00C04F79EFBC}") = "Services.ProductApi", "Services\Services.ProductApi\Services.ProductApi.csproj", "{7120C638-62B9-457A-BB4E-A57E2D73BE72}"
EndProject
Global
	GlobalSection(SolutionConfigurationPlatforms) = preSolution
		Debug|Any CPU = Debug|Any CPU
		Release|Any CPU = Release|Any CPU
	EndGlobalSection
	GlobalSection(NestedProjects) = preSolution
		{7120C638-62B9-457A-BB4E-A57E2D73BE72} = {BD5E40BB-828E-42C4-AE6E-936B1CFFB6DD}
	EndGlobalSection
	GlobalSection(ProjectConfigurationPlatforms) = postSolution
		{7120C638-62B9-457A-BB4E-A57E2D73BE72}.Debug|Any CPU.ActiveCfg = Debug|Any CPU
		{7120C638-62B9-457A-BB4E-A57E2D73BE72}.Debug|Any CPU.Build.0 = Debug|Any CPU
		{7120C638-62B9-457A-BB4E-A57E2D73BE72}.Release|Any CPU.ActiveCfg = Release|Any CPU
		{7120C638-62B9-457A-BB4E-A57E2D73BE72}.Release|Any CPU.Build.0 = Release|Any CPU
	EndGlobalSection
EndGlobal
